// !$*UTF8*$!
{
	archiveVersion = 1;
	classes = {
	};
	objectVersion = 50;
	objects = {

/* Begin PBXBuildFile section */
		3430B39225D2E7FC00DDB598 /* a.mp3 in Resources */ = {isa = PBXBuildFile; fileRef = 3430B39025D2E7FB00DDB598 /* a.mp3 */; };
		3430B39325D2E7FC00DDB598 /* b.mp3 in Resources */ = {isa = PBXBuildFile; fileRef = 3430B39125D2E7FC00DDB598 /* b.mp3 */; };
		34BA086225D2EA9C008D7C9D /* VSlider.swift in Sources */ = {isa = PBXBuildFile; fileRef = 34BA086125D2EA9C008D7C9D /* VSlider.swift */; };
		34BA086625D2EAD7008D7C9D /* CGPoint+Distance.swift in Sources */ = {isa = PBXBuildFile; fileRef = 34BA086525D2EAD7008D7C9D /* CGPoint+Distance.swift */; };
		34F2A0FA25D1B9BF006A1629 /* twotrackApp.swift in Sources */ = {isa = PBXBuildFile; fileRef = 34F2A0F925D1B9BF006A1629 /* twotrackApp.swift */; };
		34F2A0FC25D1B9BF006A1629 /* ContentView.swift in Sources */ = {isa = PBXBuildFile; fileRef = 34F2A0FB25D1B9BF006A1629 /* ContentView.swift */; };
		34F2A0FE25D1B9C0006A1629 /* Assets.xcassets in Resources */ = {isa = PBXBuildFile; fileRef = 34F2A0FD25D1B9C0006A1629 /* Assets.xcassets */; };
		34F2A10125D1B9C0006A1629 /* Preview Assets.xcassets in Resources */ = {isa = PBXBuildFile; fileRef = 34F2A10025D1B9C0006A1629 /* Preview Assets.xcassets */; };
		34F2A10C25D1B9F3006A1629 /* AudioEngine.swift in Sources */ = {isa = PBXBuildFile; fileRef = 34F2A10B25D1B9F3006A1629 /* AudioEngine.swift */; };
/* End PBXBuildFile section */

/* Begin PBXFileReference section */
		3430B39025D2E7FB00DDB598 /* a.mp3 */ = {isa = PBXFileReference; lastKnownFileType = audio.mp3; path = a.mp3; sourceTree = "<group>"; };
		3430B39125D2E7FC00DDB598 /* b.mp3 */ = {isa = PBXFileReference; lastKnownFileType = audio.mp3; path = b.mp3; sourceTree = "<group>"; };
		34BA086125D2EA9C008D7C9D /* VSlider.swift */ = {isa = PBXFileReference; lastKnownFileType = sourcecode.swift; path = VSlider.swift; sourceTree = "<group>"; };
		34BA086525D2EAD7008D7C9D /* CGPoint+Distance.swift */ = {isa = PBXFileReference; lastKnownFileType = sourcecode.swift; path = "CGPoint+Distance.swift"; sourceTree = "<group>"; };
		34F2A0F625D1B9BF006A1629 /* twotrack.app */ = {isa = PBXFileReference; explicitFileType = wrapper.application; includeInIndex = 0; path = twotrack.app; sourceTree = BUILT_PRODUCTS_DIR; };
		34F2A0F925D1B9BF006A1629 /* twotrackApp.swift */ = {isa = PBXFileReference; lastKnownFileType = sourcecode.swift; path = twotrackApp.swift; sourceTree = "<group>"; };
		34F2A0FB25D1B9BF006A1629 /* ContentView.swift */ = {isa = PBXFileReference; lastKnownFileType = sourcecode.swift; path = ContentView.swift; sourceTree = "<group>"; };
		34F2A0FD25D1B9C0006A1629 /* Assets.xcassets */ = {isa = PBXFileReference; lastKnownFileType = folder.assetcatalog; path = Assets.xcassets; sourceTree = "<group>"; };
		34F2A10025D1B9C0006A1629 /* Preview Assets.xcassets */ = {isa = PBXFileReference; lastKnownFileType = folder.assetcatalog; path = "Preview Assets.xcassets"; sourceTree = "<group>"; };
		34F2A10225D1B9C0006A1629 /* Info.plist */ = {isa = PBXFileReference; lastKnownFileType = text.plist.xml; path = Info.plist; sourceTree = "<group>"; };
		34F2A10325D1B9C0006A1629 /* twotrack.entitlements */ = {isa = PBXFileReference; lastKnownFileType = text.plist.entitlements; path = twotrack.entitlements; sourceTree = "<group>"; };
		34F2A10B25D1B9F3006A1629 /* AudioEngine.swift */ = {isa = PBXFileReference; lastKnownFileType = sourcecode.swift; path = AudioEngine.swift; sourceTree = "<group>"; };
/* End PBXFileReference section */

/* Begin PBXFrameworksBuildPhase section */
		34F2A0F325D1B9BF006A1629 /* Frameworks */ = {
			isa = PBXFrameworksBuildPhase;
			buildActionMask = 2147483647;
			files = (
			);
			runOnlyForDeploymentPostprocessing = 0;
		};
/* End PBXFrameworksBuildPhase section */

/* Begin PBXGroup section */
		34BA086025D2EA8D008D7C9D /* Views */ = {
			isa = PBXGroup;
			children = (
				34BA086125D2EA9C008D7C9D /* VSlider.swift */,
			);
			path = Views;
			sourceTree = "<group>";
		};
		34BA086425D2EACA008D7C9D /* Extensions */ = {
			isa = PBXGroup;
			children = (
				34BA086525D2EAD7008D7C9D /* CGPoint+Distance.swift */,
			);
			path = Extensions;
			sourceTree = "<group>";
		};
		34F2A0ED25D1B9BF006A1629 = {
			isa = PBXGroup;
			children = (
				34F2A0F825D1B9BF006A1629 /* twotrack */,
				34F2A0F725D1B9BF006A1629 /* Products */,
			);
			sourceTree = "<group>";
		};
		34F2A0F725D1B9BF006A1629 /* Products */ = {
			isa = PBXGroup;
			children = (
				34F2A0F625D1B9BF006A1629 /* twotrack.app */,
			);
			name = Products;
			sourceTree = "<group>";
		};
		34F2A0F825D1B9BF006A1629 /* twotrack */ = {
			isa = PBXGroup;
			children = (
				34BA086425D2EACA008D7C9D /* Extensions */,
				34BA086025D2EA8D008D7C9D /* Views */,
				34F2A10E25D1CB5F006A1629 /* Tracks */,
				34F2A10A25D1B9DA006A1629 /* Audio */,
				34F2A0F925D1B9BF006A1629 /* twotrackApp.swift */,
				34F2A0FB25D1B9BF006A1629 /* ContentView.swift */,
				34F2A0FD25D1B9C0006A1629 /* Assets.xcassets */,
				34F2A10225D1B9C0006A1629 /* Info.plist */,
				34F2A10325D1B9C0006A1629 /* twotrack.entitlements */,
				34F2A0FF25D1B9C0006A1629 /* Preview Content */,
			);
			path = twotrack;
			sourceTree = "<group>";
		};
		34F2A0FF25D1B9C0006A1629 /* Preview Content */ = {
			isa = PBXGroup;
			children = (
				34F2A10025D1B9C0006A1629 /* Preview Assets.xcassets */,
			);
			path = "Preview Content";
			sourceTree = "<group>";
		};
		34F2A10A25D1B9DA006A1629 /* Audio */ = {
			isa = PBXGroup;
			children = (
				34F2A10B25D1B9F3006A1629 /* AudioEngine.swift */,
			);
			path = Audio;
			sourceTree = "<group>";
		};
		34F2A10E25D1CB5F006A1629 /* Tracks */ = {
			isa = PBXGroup;
			children = (
				3430B39025D2E7FB00DDB598 /* a.mp3 */,
				3430B39125D2E7FC00DDB598 /* b.mp3 */,
			);
			path = Tracks;
			sourceTree = "<group>";
		};
/* End PBXGroup section */

/* Begin PBXNativeTarget section */
		34F2A0F525D1B9BF006A1629 /* twotrack */ = {
			isa = PBXNativeTarget;
			buildConfigurationList = 34F2A10625D1B9C0006A1629 /* Build configuration list for PBXNativeTarget "twotrack" */;
			buildPhases = (
				34F2A0F225D1B9BF006A1629 /* Sources */,
				34F2A0F325D1B9BF006A1629 /* Frameworks */,
				34F2A0F425D1B9BF006A1629 /* Resources */,
			);
			buildRules = (
			);
			dependencies = (
			);
			name = twotrack;
			productName = twotrack;
			productReference = 34F2A0F625D1B9BF006A1629 /* twotrack.app */;
			productType = "com.apple.product-type.application";
		};
/* End PBXNativeTarget section */

/* Begin PBXProject section */
		34F2A0EE25D1B9BF006A1629 /* Project object */ = {
			isa = PBXProject;
			attributes = {
				LastSwiftUpdateCheck = 1240;
				LastUpgradeCheck = 1240;
				TargetAttributes = {
					34F2A0F525D1B9BF006A1629 = {
						CreatedOnToolsVersion = 12.4;
					};
				};
			};
			buildConfigurationList = 34F2A0F125D1B9BF006A1629 /* Build configuration list for PBXProject "twotrack" */;
			compatibilityVersion = "Xcode 9.3";
			developmentRegion = en;
			hasScannedForEncodings = 0;
			knownRegions = (
				en,
				Base,
			);
			mainGroup = 34F2A0ED25D1B9BF006A1629;
			productRefGroup = 34F2A0F725D1B9BF006A1629 /* Products */;
			projectDirPath = "";
			projectRoot = "";
			targets = (
				34F2A0F525D1B9BF006A1629 /* twotrack */,
			);
		};
/* End PBXProject section */

/* Begin PBXResourcesBuildPhase section */
		34F2A0F425D1B9BF006A1629 /* Resources */ = {
			isa = PBXResourcesBuildPhase;
			buildActionMask = 2147483647;
			files = (
				34F2A10125D1B9C0006A1629 /* Preview Assets.xcassets in Resources */,
				34F2A0FE25D1B9C0006A1629 /* Assets.xcassets in Resources */,
				3430B39325D2E7FC00DDB598 /* b.mp3 in Resources */,
				3430B39225D2E7FC00DDB598 /* a.mp3 in Resources */,
			);
			runOnlyForDeploymentPostprocessing = 0;
		};
/* End PBXResourcesBuildPhase section */

/* Begin PBXSourcesBuildPhase section */
		34F2A0F225D1B9BF006A1629 /* Sources */ = {
			isa = PBXSourcesBuildPhase;
			buildActionMask = 2147483647;
			files = (
				34F2A10C25D1B9F3006A1629 /* AudioEngine.swift in Sources */,
				34BA086225D2EA9C008D7C9D /* VSlider.swift in Sources */,
				34F2A0FC25D1B9BF006A1629 /* ContentView.swift in Sources */,
				34BA086625D2EAD7008D7C9D /* CGPoint+Distance.swift in Sources */,
				34F2A0FA25D1B9BF006A1629 /* twotrackApp.swift in Sources */,
			);
			runOnlyForDeploymentPostprocessing = 0;
		};
/* End PBXSourcesBuildPhase section */

/* Begin XCBuildConfiguration section */
		34F2A10425D1B9C0006A1629 /* Debug */ = {
			isa = XCBuildConfiguration;
			buildSettings = {
				ALWAYS_SEARCH_USER_PATHS = NO;
				CLANG_ANALYZER_NONNULL = YES;
				CLANG_ANALYZER_NUMBER_OBJECT_CONVERSION = YES_AGGRESSIVE;
				CLANG_CXX_LANGUAGE_STANDARD = "gnu++14";
				CLANG_CXX_LIBRARY = "libc++";
				CLANG_ENABLE_MODULES = YES;
				CLANG_ENABLE_OBJC_ARC = YES;
				CLANG_ENABLE_OBJC_WEAK = YES;
				CLANG_WARN_BLOCK_CAPTURE_AUTORELEASING = YES;
				CLANG_WARN_BOOL_CONVERSION = YES;
				CLANG_WARN_COMMA = YES;
				CLANG_WARN_CONSTANT_CONVERSION = YES;
				CLANG_WARN_DEPRECATED_OBJC_IMPLEMENTATIONS = YES;
				CLANG_WARN_DIRECT_OBJC_ISA_USAGE = YES_ERROR;
				CLANG_WARN_DOCUMENTATION_COMMENTS = YES;
				CLANG_WARN_EMPTY_BODY = YES;
				CLANG_WARN_ENUM_CONVERSION = YES;
				CLANG_WARN_INFINITE_RECURSION = YES;
				CLANG_WARN_INT_CONVERSION = YES;
				CLANG_WARN_NON_LITERAL_NULL_CONVERSION = YES;
				CLANG_WARN_OBJC_IMPLICIT_RETAIN_SELF = YES;
				CLANG_WARN_OBJC_LITERAL_CONVERSION = YES;
				CLANG_WARN_OBJC_ROOT_CLASS = YES_ERROR;
				CLANG_WARN_QUOTED_INCLUDE_IN_FRAMEWORK_HEADER = YES;
				CLANG_WARN_RANGE_LOOP_ANALYSIS = YES;
				CLANG_WARN_STRICT_PROTOTYPES = YES;
				CLANG_WARN_SUSPICIOUS_MOVE = YES;
				CLANG_WARN_UNGUARDED_AVAILABILITY = YES_AGGRESSIVE;
				CLANG_WARN_UNREACHABLE_CODE = YES;
				CLANG_WARN__DUPLICATE_METHOD_MATCH = YES;
				COPY_PHASE_STRIP = NO;
				DEBUG_INFORMATION_FORMAT = dwarf;
				ENABLE_STRICT_OBJC_MSGSEND = YES;
				ENABLE_TESTABILITY = YES;
				GCC_C_LANGUAGE_STANDARD = gnu11;
				GCC_DYNAMIC_NO_PIC = NO;
				GCC_NO_COMMON_BLOCKS = YES;
				GCC_OPTIMIZATION_LEVEL = 0;
				GCC_PREPROCESSOR_DEFINITIONS = (
					"DEBUG=1",
					"$(inherited)",
				);
				GCC_WARN_64_TO_32_BIT_CONVERSION = YES;
				GCC_WARN_ABOUT_RETURN_TYPE = YES_ERROR;
				GCC_WARN_UNDECLARED_SELECTOR = YES;
				GCC_WARN_UNINITIALIZED_AUTOS = YES_AGGRESSIVE;
				GCC_WARN_UNUSED_FUNCTION = YES;
				GCC_WARN_UNUSED_VARIABLE = YES;
				MACOSX_DEPLOYMENT_TARGET = 11.1;
				MTL_ENABLE_DEBUG_INFO = INCLUDE_SOURCE;
				MTL_FAST_MATH = YES;
				ONLY_ACTIVE_ARCH = YES;
				SDKROOT = macosx;
				SWIFT_ACTIVE_COMPILATION_CONDITIONS = DEBUG;
				SWIFT_OPTIMIZATION_LEVEL = "-Onone";
			};
			name = Debug;
		};
		34F2A10525D1B9C0006A1629 /* Release */ = {
			isa = XCBuildConfiguration;
			buildSettings = {
				ALWAYS_SEARCH_USER_PATHS = NO;
				CLANG_ANALYZER_NONNULL = YES;
				CLANG_ANALYZER_NUMBER_OBJECT_CONVERSION = YES_AGGRESSIVE;
				CLANG_CXX_LANGUAGE_STANDARD = "gnu++14";
				CLANG_CXX_LIBRARY = "libc++";
				CLANG_ENABLE_MODULES = YES;
				CLANG_ENABLE_OBJC_ARC = YES;
				CLANG_ENABLE_OBJC_WEAK = YES;
				CLANG_WARN_BLOCK_CAPTURE_AUTORELEASING = YES;
				CLANG_WARN_BOOL_CONVERSION = YES;
				CLANG_WARN_COMMA = YES;
				CLANG_WARN_CONSTANT_CONVERSION = YES;
				CLANG_WARN_DEPRECATED_OBJC_IMPLEMENTATIONS = YES;
				CLANG_WARN_DIRECT_OBJC_ISA_USAGE = YES_ERROR;
				CLANG_WARN_DOCUMENTATION_COMMENTS = YES;
				CLANG_WARN_EMPTY_BODY = YES;
				CLANG_WARN_ENUM_CONVERSION = YES;
				CLANG_WARN_INFINITE_RECURSION = YES;
				CLANG_WARN_INT_CONVERSION = YES;
				CLANG_WARN_NON_LITERAL_NULL_CONVERSION = YES;
				CLANG_WARN_OBJC_IMPLICIT_RETAIN_SELF = YES;
				CLANG_WARN_OBJC_LITERAL_CONVERSION = YES;
				CLANG_WARN_OBJC_ROOT_CLASS = YES_ERROR;
				CLANG_WARN_QUOTED_INCLUDE_IN_FRAMEWORK_HEADER = YES;
				CLANG_WARN_RANGE_LOOP_ANALYSIS = YES;
				CLANG_WARN_STRICT_PROTOTYPES = YES;
				CLANG_WARN_SUSPICIOUS_MOVE = YES;
				CLANG_WARN_UNGUARDED_AVAILABILITY = YES_AGGRESSIVE;
				CLANG_WARN_UNREACHABLE_CODE = YES;
				CLANG_WARN__DUPLICATE_METHOD_MATCH = YES;
				COPY_PHASE_STRIP = NO;
				DEBUG_INFORMATION_FORMAT = "dwarf-with-dsym";
				ENABLE_NS_ASSERTIONS = NO;
				ENABLE_STRICT_OBJC_MSGSEND = YES;
				GCC_C_LANGUAGE_STANDARD = gnu11;
				GCC_NO_COMMON_BLOCKS = YES;
				GCC_WARN_64_TO_32_BIT_CONVERSION = YES;
				GCC_WARN_ABOUT_RETURN_TYPE = YES_ERROR;
				GCC_WARN_UNDECLARED_SELECTOR = YES;
				GCC_WARN_UNINITIALIZED_AUTOS = YES_AGGRESSIVE;
				GCC_WARN_UNUSED_FUNCTION = YES;
				GCC_WARN_UNUSED_VARIABLE = YES;
				MACOSX_DEPLOYMENT_TARGET = 11.1;
				MTL_ENABLE_DEBUG_INFO = NO;
				MTL_FAST_MATH = YES;
				SDKROOT = macosx;
				SWIFT_COMPILATION_MODE = wholemodule;
				SWIFT_OPTIMIZATION_LEVEL = "-O";
			};
			name = Release;
		};
		34F2A10725D1B9C0006A1629 /* Debug */ = {
			isa = XCBuildConfiguration;
			buildSettings = {
				ASSETCATALOG_COMPILER_APPICON_NAME = AppIcon;
				ASSETCATALOG_COMPILER_GLOBAL_ACCENT_COLOR_NAME = AccentColor;
				CODE_SIGN_ENTITLEMENTS = twotrack/twotrack.entitlements;
				CODE_SIGN_STYLE = Automatic;
				COMBINE_HIDPI_IMAGES = YES;
				DEVELOPMENT_ASSET_PATHS = "\"twotrack/Preview Content\"";
				DEVELOPMENT_TEAM = 38K4763L26;
				ENABLE_HARDENED_RUNTIME = YES;
				ENABLE_PREVIEWS = YES;
				INFOPLIST_FILE = twotrack/Info.plist;
				LD_RUNPATH_SEARCH_PATHS = (
					"$(inherited)",
					"@executable_path/../Frameworks",
				);
				MACOSX_DEPLOYMENT_TARGET = 11.0;
				PRODUCT_BUNDLE_IDENTIFIER = com.dshr.twotrack;
				PRODUCT_NAME = "$(TARGET_NAME)";
				SWIFT_VERSION = 5.0;
			};
			name = Debug;
		};
		34F2A10825D1B9C0006A1629 /* Release */ = {
			isa = XCBuildConfiguration;
			buildSettings = {
				ASSETCATALOG_COMPILER_APPICON_NAME = AppIcon;
				ASSETCATALOG_COMPILER_GLOBAL_ACCENT_COLOR_NAME = AccentColor;
				CODE_SIGN_ENTITLEMENTS = twotrack/twotrack.entitlements;
				CODE_SIGN_STYLE = Automatic;
				COMBINE_HIDPI_IMAGES = YES;
				DEVELOPMENT_ASSET_PATHS = "\"twotrack/Preview Content\"";
				DEVELOPMENT_TEAM = 38K4763L26;
				ENABLE_HARDENED_RUNTIME = YES;
				ENABLE_PREVIEWS = YES;
				INFOPLIST_FILE = twotrack/Info.plist;
				LD_RUNPATH_SEARCH_PATHS = (
					"$(inherited)",
					"@executable_path/../Frameworks",
				);
				MACOSX_DEPLOYMENT_TARGET = 11.0;
				PRODUCT_BUNDLE_IDENTIFIER = com.dshr.twotrack;
				PRODUCT_NAME = "$(TARGET_NAME)";
				SWIFT_VERSION = 5.0;
			};
			name = Release;
		};
/* End XCBuildConfiguration section */

/* Begin XCConfigurationList section */
		34F2A0F125D1B9BF006A1629 /* Build configuration list for PBXProject "twotrack" */ = {
			isa = XCConfigurationList;
			buildConfigurations = (
				34F2A10425D1B9C0006A1629 /* Debug */,
				34F2A10525D1B9C0006A1629 /* Release */,
			);
			defaultConfigurationIsVisible = 0;
			defaultConfigurationName = Release;
		};
		34F2A10625D1B9C0006A1629 /* Build configuration list for PBXNativeTarget "twotrack" */ = {
			isa = XCConfigurationList;
			buildConfigurations = (
				34F2A10725D1B9C0006A1629 /* Debug */,
				34F2A10825D1B9C0006A1629 /* Release */,
			);
			defaultConfigurationIsVisible = 0;
			defaultConfigurationName = Release;
		};
/* End XCConfigurationList section */
	};
	rootObject = 34F2A0EE25D1B9BF006A1629 /* Project object */;
}
